<Solution>
  <Project Path="Quiniela.AppConsole/Quiniela.AppConsole.csproj" />
  <Project Path="Quiniela.BusinessLogic.Tests/Quiniela.BusinessLogic.Tests.csproj" />
  <Project Path="Quiniela.BusinessLogic/Quiniela.BusinessLogic.csproj" />
  <Project Path="Quiniela.Mvc/Quiniela.Mvc.csproj" />
  <Project Path="Quiniela.Model/Quiniela.Model.csproj" />
</Solution>
